
Microsoft Visual Studio Solution File, Format Version 12.00
# Visual Studio Version 16
VisualStudioVersion = 16.0.33423.256
MinimumVisualStudioVersion = 10.0.40219.1
Project("{FAE04EC0-301F-11D3-BF4B-00C04F79EFBC}") = "2022CS143_Lab08", "2022CS143_Lab08\2022CS143_Lab08.csproj", "{6835B1CA-E4BF-4A4C-AF74-F8FAF7DE5951}"
EndProject
Global
	GlobalSection(SolutionConfigurationPlatforms) = preSolution
		Debug|Any CPU = Debug|Any CPU
		Release|Any CPU = Release|Any CPU
	EndGlobalSection
	GlobalSection(ProjectConfigurationPlatforms) = postSolution
		{6835B1CA-E4BF-4A4C-AF74-F8FAF7DE5951}.Debug|Any CPU.ActiveCfg = Debug|Any CPU
		{6835B1CA-E4BF-4A4C-AF74-F8FAF7DE5951}.Debug|Any CPU.Build.0 = Debug|Any CPU
		{6835B1CA-E4BF-4A4C-AF74-F8FAF7DE5951}.Release|Any CPU.ActiveCfg = Release|Any CPU
		{6835B1CA-E4BF-4A4C-AF74-F8FAF7DE5951}.Release|Any CPU.Build.0 = Release|Any CPU
	EndGlobalSection
	GlobalSection(SolutionProperties) = preSolution
		HideSolutionNode = FALSE
	EndGlobalSection
	GlobalSection(ExtensibilityGlobals) = postSolution
		SolutionGuid = {E6CE147F-F3E0-4795-910D-C2F42A841F5B}
	EndGlobalSection
EndGlobal
